
Microsoft Visual Studio Solution File, Format Version 11.00
# Visual Studio 2010
Project("{FAE04EC0-301F-11D3-BF4B-00C04F79EFBC}") = "DiagnosticCenter", "DiagnosticCenter\DiagnosticCenter.csproj", "{E608BD34-05D8-4BD4-94D4-E4C17353979F}"
EndProject
Project("{FAE04EC0-301F-11D3-BF4B-00C04F79EFBC}") = "DiagnosticCenter.Tests", "DiagnosticCenter.Tests\DiagnosticCenter.Tests.csproj", "{D73F990F-C343-4DC2-9E8F-25E723915DD3}"
EndProject
Global
	GlobalSection(SolutionConfigurationPlatforms) = preSolution
		Debug|Any CPU = Debug|Any CPU
		Release|Any CPU = Release|Any CPU
	EndGlobalSection
	GlobalSection(ProjectConfigurationPlatforms) = postSolution
		{E608BD34-05D8-4BD4-94D4-E4C17353979F}.Debug|Any CPU.ActiveCfg = Debug|Any CPU
		{E608BD34-05D8-4BD4-94D4-E4C17353979F}.Debug|Any CPU.Build.0 = Debug|Any CPU
		{E608BD34-05D8-4BD4-94D4-E4C17353979F}.Release|Any CPU.ActiveCfg = Release|Any CPU
		{E608BD34-05D8-4BD4-94D4-E4C17353979F}.Release|Any CPU.Build.0 = Release|Any CPU
		{D73F990F-C343-4DC2-9E8F-25E723915DD3}.Debug|Any CPU.ActiveCfg = Debug|Any CPU
		{D73F990F-C343-4DC2-9E8F-25E723915DD3}.Debug|Any CPU.Build.0 = Debug|Any CPU
		{D73F990F-C343-4DC2-9E8F-25E723915DD3}.Release|Any CPU.ActiveCfg = Release|Any CPU
		{D73F990F-C343-4DC2-9E8F-25E723915DD3}.Release|Any CPU.Build.0 = Release|Any CPU
	EndGlobalSection
	GlobalSection(SolutionProperties) = preSolution
		HideSolutionNode = FALSE
	EndGlobalSection
EndGlobal
